
Microsoft Visual Studio Solution File, Format Version 12.00
# Visual Studio Version 17
VisualStudioVersion = 17.12.35514.174
MinimumVisualStudioVersion = 10.0.40219.1
Project("{FAE04EC0-301F-11D3-BF4B-00C04F79EFBC}") = "BasicChat-01MEAI", "BasicChat-01MEAI\BasicChat-01MEAI.csproj", "{F924B9FC-D806-4350-BEC8-C0D4BB9E7C6D}"
EndProject
Project("{FAE04EC0-301F-11D3-BF4B-00C04F79EFBC}") = "BasicChat-02SK", "BasicChat-02SK\BasicChat-02SK.csproj", "{4AFB8C74-0293-4BD8-94B5-97C44F345D3E}"
EndProject
Project("{FAE04EC0-301F-11D3-BF4B-00C04F79EFBC}") = "BasicChat-03Ollama", "BasicChat-03Ollama\BasicChat-03Ollama.csproj", "{9E9C9E85-02AD-42B5-BC4E-C69AF390BA46}"
EndProject
Project("{FAE04EC0-301F-11D3-BF4B-00C04F79EFBC}") = "BasicChat-04OllamaSK", "BasicChat-04OllamaSK\BasicChat-04OllamaSK.csproj", "{D6AEB305-B83A-48CE-A9D3-56549D03B7AD}"
EndProject
Project("{2150E333-8FDC-42A3-9474-1A3956D46DE8}") = "01 Basic Chat", "01 Basic Chat", "{1248F5FA-C7D6-4876-8313-A15A942F84FE}"
EndProject
Project("{2150E333-8FDC-42A3-9474-1A3956D46DE8}") = "02 Functions", "02 Functions", "{F5798C6F-98D6-4411-A5F0-F928CBA64095}"
EndProject
Project("{FAE04EC0-301F-11D3-BF4B-00C04F79EFBC}") = "SKFunctions01", "SKFunctions01\SKFunctions01.csproj", "{6B67FD74-85BE-4288-AB1A-FC9292344F5B}"
EndProject
Project("{2150E333-8FDC-42A3-9474-1A3956D46DE8}") = "03 RAG", "03 RAG", "{B5980212-D3CF-4A46-94EA-3B22EFAD1257}"
EndProject
Project("{FAE04EC0-301F-11D3-BF4B-00C04F79EFBC}") = "RAGSimple-02MEAIVectorsMemory", "RAGSimple-02MEAIVectorsMemory\RAGSimple-02MEAIVectorsMemory.csproj", "{CECD0272-6BD4-4FD4-86E2-07F4AC203448}"
EndProject
Project("{FAE04EC0-301F-11D3-BF4B-00C04F79EFBC}") = "MEAIVectorsShared", "MEAIVectorsShared\MEAIVectorsShared.csproj", "{8C8AE9B2-BEEE-42C9-97D5-23FFC70A014C}"
EndProject
Project("{FAE04EC0-301F-11D3-BF4B-00C04F79EFBC}") = "RAGSimple-03MEAIVectorsAISearch", "RAGSimple-03MEAIVectorsAISearch\RAGSimple-03MEAIVectorsAISearch.csproj", "{7B14A3E2-E5F1-4C46-B99E-01A1A538A21F}"
EndProject
Project("{2150E333-8FDC-42A3-9474-1A3956D46DE8}") = "04 Vision Analysis", "04 Vision Analysis", "{535700AD-127B-41EF-AD83-F008020F83CD}"
EndProject
Project("{FAE04EC0-301F-11D3-BF4B-00C04F79EFBC}") = "RAGSimple-04MEAIVectorsQdrant", "RAGSimple-04MEAIVectorsQdrant\RAGSimple-04MEAIVectorsQdrant.csproj", "{79D4682D-0916-4A52-B970-79DD3B05443F}"
EndProject
Project("{FAE04EC0-301F-11D3-BF4B-00C04F79EFBC}") = "Vision-01MEAI-GitHubModels", "Vision-01MEAI-GitHubModels\Vision-01MEAI-GitHubModels.csproj", "{61FADD8F-E575-4344-A161-A1E99E2A170B}"
EndProject
Project("{FAE04EC0-301F-11D3-BF4B-00C04F79EFBC}") = "Vision-02MEAI-Ollama", "Vision-02MEAI-Ollama\Vision-02MEAI-Ollama.csproj", "{78B601B3-C260-4472-82D5-38636D5DDFAB}"
EndProject
Project("{2150E333-8FDC-42A3-9474-1A3956D46DE8}") = "05 Audio", "05 Audio", "{02EA681E-C7D8-13C7-8484-4AC65E1B71E8}"
EndProject
Project("{FAE04EC0-301F-11D3-BF4B-00C04F79EFBC}") = "Audio-01-SpeechMic", "Audio-01-SpeechMic\Audio-01-SpeechMic.csproj", "{DCBD7905-09B8-4388-8A63-FDDED4A46FBD}"
EndProject
Project("{FAE04EC0-301F-11D3-BF4B-00C04F79EFBC}") = "Audio-02-RealTimeAudio", "Audio-02-RealTimeAudio\Audio-02-RealTimeAudio.csproj", "{21ED91D1-3B54-B478-7D59-97F035EACC0D}"
EndProject
Project("{2150E333-8FDC-42A3-9474-1A3956D46DE8}") = "06 Agents", "06 Agents", "{767605A1-DA28-413C-BFBA-6F5C8809E11F}"
EndProject
Project("{FAE04EC0-301F-11D3-BF4B-00C04F79EFBC}") = "AgentLabs-01-Simple", "AgentLabs-01-Simple\AgentLabs-01-Simple.csproj", "{C214567E-6DD7-489F-BB95-6F7C4FD69ECF}"
EndProject
Project("{FAE04EC0-301F-11D3-BF4B-00C04F79EFBC}") = "AgentLabs-02-Functions", "AgentLabs-02-Functions\AgentLabs-02-Functions.csproj", "{1C1DDD3F-242B-4021-9992-262DA86208B9}"
EndProject
Project("{FAE04EC0-301F-11D3-BF4B-00C04F79EFBC}") = "AgentLabs-03-OpenAPIs", "AgentLabs-03-OpenAPIs\AgentLabs-03-OpenAPIs.csproj", "{DA9468F0-A153-4023-A6F8-ADFCEFECABD9}"
EndProject
Project("{FAE04EC0-301F-11D3-BF4B-00C04F79EFBC}") = "RAGSimple-10SKOllama", "RAGSimple-10SKOllama\RAGSimple-10SKOllama.csproj", "{35DF7A10-DE5D-41CA-9940-F93FA1385534}"
EndProject
Project("{FAE04EC0-301F-11D3-BF4B-00C04F79EFBC}") = "MEAIFunctions", "MEAIFunctions\MEAIFunctions.csproj", "{33CE094D-6C79-4151-87D5-8D49A9982328}"
EndProject
Project("{FAE04EC0-301F-11D3-BF4B-00C04F79EFBC}") = "MEAIFunctionsOllama", "MEAIFunctionsOllama\MEAIFunctionsOllama.csproj", "{B0A1DF75-4625-45D5-87B0-29F7290F63E1}"
EndProject
Project("{2150E333-8FDC-42A3-9474-1A3956D46DE8}") = "07 Reasoning", "07 Reasoning", "{301F771F-CBE6-4D34-A24A-02F7DE5463DC}"
EndProject
Project("{FAE04EC0-301F-11D3-BF4B-00C04F79EFBC}") = "ReasoningLabs-01-SK", "ReasoningLabs-01-SK\ReasoningLabs-01-SK.csproj", "{7274D8C3-EC9B-4D54-B472-CBE1E44C39AC}"
EndProject
Project("{FAE04EC0-301F-11D3-BF4B-00C04F79EFBC}") = "RAGSimple-15Ollama-DeepSeekR1", "RAGSimple-15Ollama-DeepSeekR1\RAGSimple-15Ollama-DeepSeekR1.csproj", "{8DDF748E-B27D-3139-9BCE-B1276B817345}"
EndProject
Project("{FAE04EC0-301F-11D3-BF4B-00C04F79EFBC}") = "Vision-03MEAI-AOAI", "Vision-03MEAI-AOAI\Vision-03MEAI-AOAI.csproj", "{F49BE033-1ABF-4B2A-B32E-AC3416BF016F}"
EndProject
Project("{FAE04EC0-301F-11D3-BF4B-00C04F79EFBC}") = "Vision-04MEAI-AOAI-Spectre", "Vision-04MEAI-AOAI-Spectre\Vision-04MEAI-AOAI-Spectre.csproj", "{473F5D2D-1E50-4215-A31F-9AC3BDE72A83}"
EndProject
Global
	GlobalSection(SolutionConfigurationPlatforms) = preSolution
		Debug|Any CPU = Debug|Any CPU
		Debug|x64 = Debug|x64
		Debug|x86 = Debug|x86
		Release|Any CPU = Release|Any CPU
		Release|x64 = Release|x64
		Release|x86 = Release|x86
	EndGlobalSection
	GlobalSection(ProjectConfigurationPlatforms) = postSolution
		{F924B9FC-D806-4350-BEC8-C0D4BB9E7C6D}.Debug|Any CPU.ActiveCfg = Debug|Any CPU
		{F924B9FC-D806-4350-BEC8-C0D4BB9E7C6D}.Debug|Any CPU.Build.0 = Debug|Any CPU
		{F924B9FC-D806-4350-BEC8-C0D4BB9E7C6D}.Debug|x64.ActiveCfg = Debug|Any CPU
		{F924B9FC-D806-4350-BEC8-C0D4BB9E7C6D}.Debug|x64.Build.0 = Debug|Any CPU
		{F924B9FC-D806-4350-BEC8-C0D4BB9E7C6D}.Debug|x86.ActiveCfg = Debug|Any CPU
		{F924B9FC-D806-4350-BEC8-C0D4BB9E7C6D}.Debug|x86.Build.0 = Debug|Any CPU
		{F924B9FC-D806-4350-BEC8-C0D4BB9E7C6D}.Release|Any CPU.ActiveCfg = Release|Any CPU
		{F924B9FC-D806-4350-BEC8-C0D4BB9E7C6D}.Release|Any CPU.Build.0 = Release|Any CPU
		{F924B9FC-D806-4350-BEC8-C0D4BB9E7C6D}.Release|x64.ActiveCfg = Release|Any CPU
		{F924B9FC-D806-4350-BEC8-C0D4BB9E7C6D}.Release|x64.Build.0 = Release|Any CPU
		{F924B9FC-D806-4350-BEC8-C0D4BB9E7C6D}.Release|x86.ActiveCfg = Release|Any CPU
		{F924B9FC-D806-4350-BEC8-C0D4BB9E7C6D}.Release|x86.Build.0 = Release|Any CPU
		{4AFB8C74-0293-4BD8-94B5-97C44F345D3E}.Debug|Any CPU.ActiveCfg = Debug|Any CPU
		{4AFB8C74-0293-4BD8-94B5-97C44F345D3E}.Debug|Any CPU.Build.0 = Debug|Any CPU
		{4AFB8C74-0293-4BD8-94B5-97C44F345D3E}.Debug|x64.ActiveCfg = Debug|Any CPU
		{4AFB8C74-0293-4BD8-94B5-97C44F345D3E}.Debug|x64.Build.0 = Debug|Any CPU
		{4AFB8C74-0293-4BD8-94B5-97C44F345D3E}.Debug|x86.ActiveCfg = Debug|Any CPU
		{4AFB8C74-0293-4BD8-94B5-97C44F345D3E}.Debug|x86.Build.0 = Debug|Any CPU
		{4AFB8C74-0293-4BD8-94B5-97C44F345D3E}.Release|Any CPU.ActiveCfg = Release|Any CPU
		{4AFB8C74-0293-4BD8-94B5-97C44F345D3E}.Release|Any CPU.Build.0 = Release|Any CPU
		{4AFB8C74-0293-4BD8-94B5-97C44F345D3E}.Release|x64.ActiveCfg = Release|Any CPU
		{4AFB8C74-0293-4BD8-94B5-97C44F345D3E}.Release|x64.Build.0 = Release|Any CPU
		{4AFB8C74-0293-4BD8-94B5-97C44F345D3E}.Release|x86.ActiveCfg = Release|Any CPU
		{4AFB8C74-0293-4BD8-94B5-97C44F345D3E}.Release|x86.Build.0 = Release|Any CPU
		{9E9C9E85-02AD-42B5-BC4E-C69AF390BA46}.Debug|Any CPU.ActiveCfg = Debug|Any CPU
		{9E9C9E85-02AD-42B5-BC4E-C69AF390BA46}.Debug|Any CPU.Build.0 = Debug|Any CPU
		{9E9C9E85-02AD-42B5-BC4E-C69AF390BA46}.Debug|x64.ActiveCfg = Debug|Any CPU
		{9E9C9E85-02AD-42B5-BC4E-C69AF390BA46}.Debug|x64.Build.0 = Debug|Any CPU
		{9E9C9E85-02AD-42B5-BC4E-C69AF390BA46}.Debug|x86.ActiveCfg = Debug|Any CPU
		{9E9C9E85-02AD-42B5-BC4E-C69AF390BA46}.Debug|x86.Build.0 = Debug|Any CPU
		{9E9C9E85-02AD-42B5-BC4E-C69AF390BA46}.Release|Any CPU.ActiveCfg = Release|Any CPU
		{9E9C9E85-02AD-42B5-BC4E-C69AF390BA46}.Release|Any CPU.Build.0 = Release|Any CPU
		{9E9C9E85-02AD-42B5-BC4E-C69AF390BA46}.Release|x64.ActiveCfg = Release|Any CPU
		{9E9C9E85-02AD-42B5-BC4E-C69AF390BA46}.Release|x64.Build.0 = Release|Any CPU
		{9E9C9E85-02AD-42B5-BC4E-C69AF390BA46}.Release|x86.ActiveCfg = Release|Any CPU
		{9E9C9E85-02AD-42B5-BC4E-C69AF390BA46}.Release|x86.Build.0 = Release|Any CPU
		{D6AEB305-B83A-48CE-A9D3-56549D03B7AD}.Debug|Any CPU.ActiveCfg = Debug|Any CPU
		{D6AEB305-B83A-48CE-A9D3-56549D03B7AD}.Debug|Any CPU.Build.0 = Debug|Any CPU
		{D6AEB305-B83A-48CE-A9D3-56549D03B7AD}.Debug|x64.ActiveCfg = Debug|Any CPU
		{D6AEB305-B83A-48CE-A9D3-56549D03B7AD}.Debug|x64.Build.0 = Debug|Any CPU
		{D6AEB305-B83A-48CE-A9D3-56549D03B7AD}.Debug|x86.ActiveCfg = Debug|Any CPU
		{D6AEB305-B83A-48CE-A9D3-56549D03B7AD}.Debug|x86.Build.0 = Debug|Any CPU
		{D6AEB305-B83A-48CE-A9D3-56549D03B7AD}.Release|Any CPU.ActiveCfg = Release|Any CPU
		{D6AEB305-B83A-48CE-A9D3-56549D03B7AD}.Release|Any CPU.Build.0 = Release|Any CPU
		{D6AEB305-B83A-48CE-A9D3-56549D03B7AD}.Release|x64.ActiveCfg = Release|Any CPU
		{D6AEB305-B83A-48CE-A9D3-56549D03B7AD}.Release|x64.Build.0 = Release|Any CPU
		{D6AEB305-B83A-48CE-A9D3-56549D03B7AD}.Release|x86.ActiveCfg = Release|Any CPU
		{D6AEB305-B83A-48CE-A9D3-56549D03B7AD}.Release|x86.Build.0 = Release|Any CPU
		{6B67FD74-85BE-4288-AB1A-FC9292344F5B}.Debug|Any CPU.ActiveCfg = Debug|Any CPU
		{6B67FD74-85BE-4288-AB1A-FC9292344F5B}.Debug|Any CPU.Build.0 = Debug|Any CPU
		{6B67FD74-85BE-4288-AB1A-FC9292344F5B}.Debug|x64.ActiveCfg = Debug|Any CPU
		{6B67FD74-85BE-4288-AB1A-FC9292344F5B}.Debug|x64.Build.0 = Debug|Any CPU
		{6B67FD74-85BE-4288-AB1A-FC9292344F5B}.Debug|x86.ActiveCfg = Debug|Any CPU
		{6B67FD74-85BE-4288-AB1A-FC9292344F5B}.Debug|x86.Build.0 = Debug|Any CPU
		{6B67FD74-85BE-4288-AB1A-FC9292344F5B}.Release|Any CPU.ActiveCfg = Release|Any CPU
		{6B67FD74-85BE-4288-AB1A-FC9292344F5B}.Release|Any CPU.Build.0 = Release|Any CPU
		{6B67FD74-85BE-4288-AB1A-FC9292344F5B}.Release|x64.ActiveCfg = Release|Any CPU
		{6B67FD74-85BE-4288-AB1A-FC9292344F5B}.Release|x64.Build.0 = Release|Any CPU
		{6B67FD74-85BE-4288-AB1A-FC9292344F5B}.Release|x86.ActiveCfg = Release|Any CPU
		{6B67FD74-85BE-4288-AB1A-FC9292344F5B}.Release|x86.Build.0 = Release|Any CPU
		{CECD0272-6BD4-4FD4-86E2-07F4AC203448}.Debug|Any CPU.ActiveCfg = Debug|Any CPU
		{CECD0272-6BD4-4FD4-86E2-07F4AC203448}.Debug|Any CPU.Build.0 = Debug|Any CPU
		{CECD0272-6BD4-4FD4-86E2-07F4AC203448}.Debug|x64.ActiveCfg = Debug|Any CPU
		{CECD0272-6BD4-4FD4-86E2-07F4AC203448}.Debug|x64.Build.0 = Debug|Any CPU
		{CECD0272-6BD4-4FD4-86E2-07F4AC203448}.Debug|x86.ActiveCfg = Debug|Any CPU
		{CECD0272-6BD4-4FD4-86E2-07F4AC203448}.Debug|x86.Build.0 = Debug|Any CPU
		{CECD0272-6BD4-4FD4-86E2-07F4AC203448}.Release|Any CPU.ActiveCfg = Release|Any CPU
		{CECD0272-6BD4-4FD4-86E2-07F4AC203448}.Release|Any CPU.Build.0 = Release|Any CPU
		{CECD0272-6BD4-4FD4-86E2-07F4AC203448}.Release|x64.ActiveCfg = Release|Any CPU
		{CECD0272-6BD4-4FD4-86E2-07F4AC203448}.Release|x64.Build.0 = Release|Any CPU
		{CECD0272-6BD4-4FD4-86E2-07F4AC203448}.Release|x86.ActiveCfg = Release|Any CPU
		{CECD0272-6BD4-4FD4-86E2-07F4AC203448}.Release|x86.Build.0 = Release|Any CPU
		{8C8AE9B2-BEEE-42C9-97D5-23FFC70A014C}.Debug|Any CPU.ActiveCfg = Debug|Any CPU
		{8C8AE9B2-BEEE-42C9-97D5-23FFC70A014C}.Debug|Any CPU.Build.0 = Debug|Any CPU
		{8C8AE9B2-BEEE-42C9-97D5-23FFC70A014C}.Debug|x64.ActiveCfg = Debug|Any CPU
		{8C8AE9B2-BEEE-42C9-97D5-23FFC70A014C}.Debug|x64.Build.0 = Debug|Any CPU
		{8C8AE9B2-BEEE-42C9-97D5-23FFC70A014C}.Debug|x86.ActiveCfg = Debug|Any CPU
		{8C8AE9B2-BEEE-42C9-97D5-23FFC70A014C}.Debug|x86.Build.0 = Debug|Any CPU
		{8C8AE9B2-BEEE-42C9-97D5-23FFC70A014C}.Release|Any CPU.ActiveCfg = Release|Any CPU
		{8C8AE9B2-BEEE-42C9-97D5-23FFC70A014C}.Release|Any CPU.Build.0 = Release|Any CPU
		{8C8AE9B2-BEEE-42C9-97D5-23FFC70A014C}.Release|x64.ActiveCfg = Release|Any CPU
		{8C8AE9B2-BEEE-42C9-97D5-23FFC70A014C}.Release|x64.Build.0 = Release|Any CPU
		{8C8AE9B2-BEEE-42C9-97D5-23FFC70A014C}.Release|x86.ActiveCfg = Release|Any CPU
		{8C8AE9B2-BEEE-42C9-97D5-23FFC70A014C}.Release|x86.Build.0 = Release|Any CPU
		{7B14A3E2-E5F1-4C46-B99E-01A1A538A21F}.Debug|Any CPU.ActiveCfg = Debug|Any CPU
		{7B14A3E2-E5F1-4C46-B99E-01A1A538A21F}.Debug|Any CPU.Build.0 = Debug|Any CPU
		{7B14A3E2-E5F1-4C46-B99E-01A1A538A21F}.Debug|x64.ActiveCfg = Debug|Any CPU
		{7B14A3E2-E5F1-4C46-B99E-01A1A538A21F}.Debug|x64.Build.0 = Debug|Any CPU
		{7B14A3E2-E5F1-4C46-B99E-01A1A538A21F}.Debug|x86.ActiveCfg = Debug|Any CPU
		{7B14A3E2-E5F1-4C46-B99E-01A1A538A21F}.Debug|x86.Build.0 = Debug|Any CPU
		{7B14A3E2-E5F1-4C46-B99E-01A1A538A21F}.Release|Any CPU.ActiveCfg = Release|Any CPU
		{7B14A3E2-E5F1-4C46-B99E-01A1A538A21F}.Release|Any CPU.Build.0 = Release|Any CPU
		{7B14A3E2-E5F1-4C46-B99E-01A1A538A21F}.Release|x64.ActiveCfg = Release|Any CPU
		{7B14A3E2-E5F1-4C46-B99E-01A1A538A21F}.Release|x64.Build.0 = Release|Any CPU
		{7B14A3E2-E5F1-4C46-B99E-01A1A538A21F}.Release|x86.ActiveCfg = Release|Any CPU
		{7B14A3E2-E5F1-4C46-B99E-01A1A538A21F}.Release|x86.Build.0 = Release|Any CPU
		{79D4682D-0916-4A52-B970-79DD3B05443F}.Debug|Any CPU.ActiveCfg = Debug|Any CPU
		{79D4682D-0916-4A52-B970-79DD3B05443F}.Debug|Any CPU.Build.0 = Debug|Any CPU
		{79D4682D-0916-4A52-B970-79DD3B05443F}.Debug|x64.ActiveCfg = Debug|Any CPU
		{79D4682D-0916-4A52-B970-79DD3B05443F}.Debug|x64.Build.0 = Debug|Any CPU
		{79D4682D-0916-4A52-B970-79DD3B05443F}.Debug|x86.ActiveCfg = Debug|Any CPU
		{79D4682D-0916-4A52-B970-79DD3B05443F}.Debug|x86.Build.0 = Debug|Any CPU
		{79D4682D-0916-4A52-B970-79DD3B05443F}.Release|Any CPU.ActiveCfg = Release|Any CPU
		{79D4682D-0916-4A52-B970-79DD3B05443F}.Release|Any CPU.Build.0 = Release|Any CPU
		{79D4682D-0916-4A52-B970-79DD3B05443F}.Release|x64.ActiveCfg = Release|Any CPU
		{79D4682D-0916-4A52-B970-79DD3B05443F}.Release|x64.Build.0 = Release|Any CPU
		{79D4682D-0916-4A52-B970-79DD3B05443F}.Release|x86.ActiveCfg = Release|Any CPU
		{79D4682D-0916-4A52-B970-79DD3B05443F}.Release|x86.Build.0 = Release|Any CPU
		{61FADD8F-E575-4344-A161-A1E99E2A170B}.Debug|Any CPU.ActiveCfg = Debug|Any CPU
		{61FADD8F-E575-4344-A161-A1E99E2A170B}.Debug|Any CPU.Build.0 = Debug|Any CPU
		{61FADD8F-E575-4344-A161-A1E99E2A170B}.Debug|x64.ActiveCfg = Debug|Any CPU
		{61FADD8F-E575-4344-A161-A1E99E2A170B}.Debug|x64.Build.0 = Debug|Any CPU
		{61FADD8F-E575-4344-A161-A1E99E2A170B}.Debug|x86.ActiveCfg = Debug|Any CPU
		{61FADD8F-E575-4344-A161-A1E99E2A170B}.Debug|x86.Build.0 = Debug|Any CPU
		{61FADD8F-E575-4344-A161-A1E99E2A170B}.Release|Any CPU.ActiveCfg = Release|Any CPU
		{61FADD8F-E575-4344-A161-A1E99E2A170B}.Release|Any CPU.Build.0 = Release|Any CPU
		{61FADD8F-E575-4344-A161-A1E99E2A170B}.Release|x64.ActiveCfg = Release|Any CPU
		{61FADD8F-E575-4344-A161-A1E99E2A170B}.Release|x64.Build.0 = Release|Any CPU
		{61FADD8F-E575-4344-A161-A1E99E2A170B}.Release|x86.ActiveCfg = Release|Any CPU
		{61FADD8F-E575-4344-A161-A1E99E2A170B}.Release|x86.Build.0 = Release|Any CPU
		{78B601B3-C260-4472-82D5-38636D5DDFAB}.Debug|Any CPU.ActiveCfg = Debug|Any CPU
		{78B601B3-C260-4472-82D5-38636D5DDFAB}.Debug|Any CPU.Build.0 = Debug|Any CPU
		{78B601B3-C260-4472-82D5-38636D5DDFAB}.Debug|x64.ActiveCfg = Debug|Any CPU
		{78B601B3-C260-4472-82D5-38636D5DDFAB}.Debug|x64.Build.0 = Debug|Any CPU
		{78B601B3-C260-4472-82D5-38636D5DDFAB}.Debug|x86.ActiveCfg = Debug|Any CPU
		{78B601B3-C260-4472-82D5-38636D5DDFAB}.Debug|x86.Build.0 = Debug|Any CPU
		{78B601B3-C260-4472-82D5-38636D5DDFAB}.Release|Any CPU.ActiveCfg = Release|Any CPU
		{78B601B3-C260-4472-82D5-38636D5DDFAB}.Release|Any CPU.Build.0 = Release|Any CPU
		{78B601B3-C260-4472-82D5-38636D5DDFAB}.Release|x64.ActiveCfg = Release|Any CPU
		{78B601B3-C260-4472-82D5-38636D5DDFAB}.Release|x64.Build.0 = Release|Any CPU
		{78B601B3-C260-4472-82D5-38636D5DDFAB}.Release|x86.ActiveCfg = Release|Any CPU
		{78B601B3-C260-4472-82D5-38636D5DDFAB}.Release|x86.Build.0 = Release|Any CPU
		{DCBD7905-09B8-4388-8A63-FDDED4A46FBD}.Debug|Any CPU.ActiveCfg = Debug|Any CPU
		{DCBD7905-09B8-4388-8A63-FDDED4A46FBD}.Debug|Any CPU.Build.0 = Debug|Any CPU
		{DCBD7905-09B8-4388-8A63-FDDED4A46FBD}.Debug|x64.ActiveCfg = Debug|Any CPU
		{DCBD7905-09B8-4388-8A63-FDDED4A46FBD}.Debug|x64.Build.0 = Debug|Any CPU
		{DCBD7905-09B8-4388-8A63-FDDED4A46FBD}.Debug|x86.ActiveCfg = Debug|Any CPU
		{DCBD7905-09B8-4388-8A63-FDDED4A46FBD}.Debug|x86.Build.0 = Debug|Any CPU
		{DCBD7905-09B8-4388-8A63-FDDED4A46FBD}.Release|Any CPU.ActiveCfg = Release|Any CPU
		{DCBD7905-09B8-4388-8A63-FDDED4A46FBD}.Release|Any CPU.Build.0 = Release|Any CPU
		{DCBD7905-09B8-4388-8A63-FDDED4A46FBD}.Release|x64.ActiveCfg = Release|Any CPU
		{DCBD7905-09B8-4388-8A63-FDDED4A46FBD}.Release|x64.Build.0 = Release|Any CPU
		{DCBD7905-09B8-4388-8A63-FDDED4A46FBD}.Release|x86.ActiveCfg = Release|Any CPU
		{DCBD7905-09B8-4388-8A63-FDDED4A46FBD}.Release|x86.Build.0 = Release|Any CPU
		{21ED91D1-3B54-B478-7D59-97F035EACC0D}.Debug|Any CPU.ActiveCfg = Debug|Any CPU
		{21ED91D1-3B54-B478-7D59-97F035EACC0D}.Debug|Any CPU.Build.0 = Debug|Any CPU
		{21ED91D1-3B54-B478-7D59-97F035EACC0D}.Debug|x64.ActiveCfg = Debug|Any CPU
		{21ED91D1-3B54-B478-7D59-97F035EACC0D}.Debug|x64.Build.0 = Debug|Any CPU
		{21ED91D1-3B54-B478-7D59-97F035EACC0D}.Debug|x86.ActiveCfg = Debug|Any CPU
		{21ED91D1-3B54-B478-7D59-97F035EACC0D}.Debug|x86.Build.0 = Debug|Any CPU
		{21ED91D1-3B54-B478-7D59-97F035EACC0D}.Release|Any CPU.ActiveCfg = Release|Any CPU
		{21ED91D1-3B54-B478-7D59-97F035EACC0D}.Release|Any CPU.Build.0 = Release|Any CPU
		{21ED91D1-3B54-B478-7D59-97F035EACC0D}.Release|x64.ActiveCfg = Release|Any CPU
		{21ED91D1-3B54-B478-7D59-97F035EACC0D}.Release|x64.Build.0 = Release|Any CPU
		{21ED91D1-3B54-B478-7D59-97F035EACC0D}.Release|x86.ActiveCfg = Release|Any CPU
		{21ED91D1-3B54-B478-7D59-97F035EACC0D}.Release|x86.Build.0 = Release|Any CPU
		{C214567E-6DD7-489F-BB95-6F7C4FD69ECF}.Debug|Any CPU.ActiveCfg = Debug|Any CPU
		{C214567E-6DD7-489F-BB95-6F7C4FD69ECF}.Debug|Any CPU.Build.0 = Debug|Any CPU
		{C214567E-6DD7-489F-BB95-6F7C4FD69ECF}.Debug|x64.ActiveCfg = Debug|Any CPU
		{C214567E-6DD7-489F-BB95-6F7C4FD69ECF}.Debug|x64.Build.0 = Debug|Any CPU
		{C214567E-6DD7-489F-BB95-6F7C4FD69ECF}.Debug|x86.ActiveCfg = Debug|Any CPU
		{C214567E-6DD7-489F-BB95-6F7C4FD69ECF}.Debug|x86.Build.0 = Debug|Any CPU
		{C214567E-6DD7-489F-BB95-6F7C4FD69ECF}.Release|Any CPU.ActiveCfg = Release|Any CPU
		{C214567E-6DD7-489F-BB95-6F7C4FD69ECF}.Release|Any CPU.Build.0 = Release|Any CPU
		{C214567E-6DD7-489F-BB95-6F7C4FD69ECF}.Release|x64.ActiveCfg = Release|Any CPU
		{C214567E-6DD7-489F-BB95-6F7C4FD69ECF}.Release|x64.Build.0 = Release|Any CPU
		{C214567E-6DD7-489F-BB95-6F7C4FD69ECF}.Release|x86.ActiveCfg = Release|Any CPU
		{C214567E-6DD7-489F-BB95-6F7C4FD69ECF}.Release|x86.Build.0 = Release|Any CPU
		{1C1DDD3F-242B-4021-9992-262DA86208B9}.Debug|Any CPU.ActiveCfg = Debug|Any CPU
		{1C1DDD3F-242B-4021-9992-262DA86208B9}.Debug|Any CPU.Build.0 = Debug|Any CPU
		{1C1DDD3F-242B-4021-9992-262DA86208B9}.Debug|x64.ActiveCfg = Debug|Any CPU
		{1C1DDD3F-242B-4021-9992-262DA86208B9}.Debug|x64.Build.0 = Debug|Any CPU
		{1C1DDD3F-242B-4021-9992-262DA86208B9}.Debug|x86.ActiveCfg = Debug|Any CPU
		{1C1DDD3F-242B-4021-9992-262DA86208B9}.Debug|x86.Build.0 = Debug|Any CPU
		{1C1DDD3F-242B-4021-9992-262DA86208B9}.Release|Any CPU.ActiveCfg = Release|Any CPU
		{1C1DDD3F-242B-4021-9992-262DA86208B9}.Release|Any CPU.Build.0 = Release|Any CPU
		{1C1DDD3F-242B-4021-9992-262DA86208B9}.Release|x64.ActiveCfg = Release|Any CPU
		{1C1DDD3F-242B-4021-9992-262DA86208B9}.Release|x64.Build.0 = Release|Any CPU
		{1C1DDD3F-242B-4021-9992-262DA86208B9}.Release|x86.ActiveCfg = Release|Any CPU
		{1C1DDD3F-242B-4021-9992-262DA86208B9}.Release|x86.Build.0 = Release|Any CPU
		{DA9468F0-A153-4023-A6F8-ADFCEFECABD9}.Debug|Any CPU.ActiveCfg = Debug|Any CPU
		{DA9468F0-A153-4023-A6F8-ADFCEFECABD9}.Debug|Any CPU.Build.0 = Debug|Any CPU
		{DA9468F0-A153-4023-A6F8-ADFCEFECABD9}.Debug|x64.ActiveCfg = Debug|Any CPU
		{DA9468F0-A153-4023-A6F8-ADFCEFECABD9}.Debug|x64.Build.0 = Debug|Any CPU
		{DA9468F0-A153-4023-A6F8-ADFCEFECABD9}.Debug|x86.ActiveCfg = Debug|Any CPU
		{DA9468F0-A153-4023-A6F8-ADFCEFECABD9}.Debug|x86.Build.0 = Debug|Any CPU
		{DA9468F0-A153-4023-A6F8-ADFCEFECABD9}.Release|Any CPU.ActiveCfg = Release|Any CPU
		{DA9468F0-A153-4023-A6F8-ADFCEFECABD9}.Release|Any CPU.Build.0 = Release|Any CPU
		{DA9468F0-A153-4023-A6F8-ADFCEFECABD9}.Release|x64.ActiveCfg = Release|Any CPU
		{DA9468F0-A153-4023-A6F8-ADFCEFECABD9}.Release|x64.Build.0 = Release|Any CPU
		{DA9468F0-A153-4023-A6F8-ADFCEFECABD9}.Release|x86.ActiveCfg = Release|Any CPU
		{DA9468F0-A153-4023-A6F8-ADFCEFECABD9}.Release|x86.Build.0 = Release|Any CPU
		{35DF7A10-DE5D-41CA-9940-F93FA1385534}.Debug|Any CPU.ActiveCfg = Debug|Any CPU
		{35DF7A10-DE5D-41CA-9940-F93FA1385534}.Debug|Any CPU.Build.0 = Debug|Any CPU
		{35DF7A10-DE5D-41CA-9940-F93FA1385534}.Debug|x64.ActiveCfg = Debug|Any CPU
		{35DF7A10-DE5D-41CA-9940-F93FA1385534}.Debug|x64.Build.0 = Debug|Any CPU
		{35DF7A10-DE5D-41CA-9940-F93FA1385534}.Debug|x86.ActiveCfg = Debug|Any CPU
		{35DF7A10-DE5D-41CA-9940-F93FA1385534}.Debug|x86.Build.0 = Debug|Any CPU
		{35DF7A10-DE5D-41CA-9940-F93FA1385534}.Release|Any CPU.ActiveCfg = Release|Any CPU
		{35DF7A10-DE5D-41CA-9940-F93FA1385534}.Release|Any CPU.Build.0 = Release|Any CPU
		{35DF7A10-DE5D-41CA-9940-F93FA1385534}.Release|x64.ActiveCfg = Release|Any CPU
		{35DF7A10-DE5D-41CA-9940-F93FA1385534}.Release|x64.Build.0 = Release|Any CPU
		{35DF7A10-DE5D-41CA-9940-F93FA1385534}.Release|x86.ActiveCfg = Release|Any CPU
		{35DF7A10-DE5D-41CA-9940-F93FA1385534}.Release|x86.Build.0 = Release|Any CPU
		{33CE094D-6C79-4151-87D5-8D49A9982328}.Debug|Any CPU.ActiveCfg = Debug|Any CPU
		{33CE094D-6C79-4151-87D5-8D49A9982328}.Debug|Any CPU.Build.0 = Debug|Any CPU
		{33CE094D-6C79-4151-87D5-8D49A9982328}.Debug|x64.ActiveCfg = Debug|Any CPU
		{33CE094D-6C79-4151-87D5-8D49A9982328}.Debug|x64.Build.0 = Debug|Any CPU
		{33CE094D-6C79-4151-87D5-8D49A9982328}.Debug|x86.ActiveCfg = Debug|Any CPU
		{33CE094D-6C79-4151-87D5-8D49A9982328}.Debug|x86.Build.0 = Debug|Any CPU
		{33CE094D-6C79-4151-87D5-8D49A9982328}.Release|Any CPU.ActiveCfg = Release|Any CPU
		{33CE094D-6C79-4151-87D5-8D49A9982328}.Release|Any CPU.Build.0 = Release|Any CPU
		{33CE094D-6C79-4151-87D5-8D49A9982328}.Release|x64.ActiveCfg = Release|Any CPU
		{33CE094D-6C79-4151-87D5-8D49A9982328}.Release|x64.Build.0 = Release|Any CPU
		{33CE094D-6C79-4151-87D5-8D49A9982328}.Release|x86.ActiveCfg = Release|Any CPU
		{33CE094D-6C79-4151-87D5-8D49A9982328}.Release|x86.Build.0 = Release|Any CPU
		{B0A1DF75-4625-45D5-87B0-29F7290F63E1}.Debug|Any CPU.ActiveCfg = Debug|Any CPU
		{B0A1DF75-4625-45D5-87B0-29F7290F63E1}.Debug|Any CPU.Build.0 = Debug|Any CPU
		{B0A1DF75-4625-45D5-87B0-29F7290F63E1}.Debug|x64.ActiveCfg = Debug|Any CPU
		{B0A1DF75-4625-45D5-87B0-29F7290F63E1}.Debug|x64.Build.0 = Debug|Any CPU
		{B0A1DF75-4625-45D5-87B0-29F7290F63E1}.Debug|x86.ActiveCfg = Debug|Any CPU
		{B0A1DF75-4625-45D5-87B0-29F7290F63E1}.Debug|x86.Build.0 = Debug|Any CPU
		{B0A1DF75-4625-45D5-87B0-29F7290F63E1}.Release|Any CPU.ActiveCfg = Release|Any CPU
		{B0A1DF75-4625-45D5-87B0-29F7290F63E1}.Release|Any CPU.Build.0 = Release|Any CPU
		{B0A1DF75-4625-45D5-87B0-29F7290F63E1}.Release|x64.ActiveCfg = Release|Any CPU
		{B0A1DF75-4625-45D5-87B0-29F7290F63E1}.Release|x64.Build.0 = Release|Any CPU
		{B0A1DF75-4625-45D5-87B0-29F7290F63E1}.Release|x86.ActiveCfg = Release|Any CPU
		{B0A1DF75-4625-45D5-87B0-29F7290F63E1}.Release|x86.Build.0 = Release|Any CPU
		{7274D8C3-EC9B-4D54-B472-CBE1E44C39AC}.Debug|Any CPU.ActiveCfg = Debug|Any CPU
		{7274D8C3-EC9B-4D54-B472-CBE1E44C39AC}.Debug|Any CPU.Build.0 = Debug|Any CPU
		{7274D8C3-EC9B-4D54-B472-CBE1E44C39AC}.Debug|x64.ActiveCfg = Debug|Any CPU
		{7274D8C3-EC9B-4D54-B472-CBE1E44C39AC}.Debug|x64.Build.0 = Debug|Any CPU
		{7274D8C3-EC9B-4D54-B472-CBE1E44C39AC}.Debug|x86.ActiveCfg = Debug|Any CPU
		{7274D8C3-EC9B-4D54-B472-CBE1E44C39AC}.Debug|x86.Build.0 = Debug|Any CPU
		{7274D8C3-EC9B-4D54-B472-CBE1E44C39AC}.Release|Any CPU.ActiveCfg = Release|Any CPU
		{7274D8C3-EC9B-4D54-B472-CBE1E44C39AC}.Release|Any CPU.Build.0 = Release|Any CPU
		{7274D8C3-EC9B-4D54-B472-CBE1E44C39AC}.Release|x64.ActiveCfg = Release|Any CPU
		{7274D8C3-EC9B-4D54-B472-CBE1E44C39AC}.Release|x64.Build.0 = Release|Any CPU
		{7274D8C3-EC9B-4D54-B472-CBE1E44C39AC}.Release|x86.ActiveCfg = Release|Any CPU
		{7274D8C3-EC9B-4D54-B472-CBE1E44C39AC}.Release|x86.Build.0 = Release|Any CPU
		{8DDF748E-B27D-3139-9BCE-B1276B817345}.Debug|Any CPU.ActiveCfg = Debug|Any CPU
		{8DDF748E-B27D-3139-9BCE-B1276B817345}.Debug|Any CPU.Build.0 = Debug|Any CPU
		{8DDF748E-B27D-3139-9BCE-B1276B817345}.Debug|x64.ActiveCfg = Debug|Any CPU
		{8DDF748E-B27D-3139-9BCE-B1276B817345}.Debug|x64.Build.0 = Debug|Any CPU
		{8DDF748E-B27D-3139-9BCE-B1276B817345}.Debug|x86.ActiveCfg = Debug|Any CPU
		{8DDF748E-B27D-3139-9BCE-B1276B817345}.Debug|x86.Build.0 = Debug|Any CPU
		{8DDF748E-B27D-3139-9BCE-B1276B817345}.Release|Any CPU.ActiveCfg = Release|Any CPU
		{8DDF748E-B27D-3139-9BCE-B1276B817345}.Release|Any CPU.Build.0 = Release|Any CPU
		{8DDF748E-B27D-3139-9BCE-B1276B817345}.Release|x64.ActiveCfg = Release|Any CPU
		{8DDF748E-B27D-3139-9BCE-B1276B817345}.Release|x64.Build.0 = Release|Any CPU
		{8DDF748E-B27D-3139-9BCE-B1276B817345}.Release|x86.ActiveCfg = Release|Any CPU
		{8DDF748E-B27D-3139-9BCE-B1276B817345}.Release|x86.Build.0 = Release|Any CPU
		{F49BE033-1ABF-4B2A-B32E-AC3416BF016F}.Debug|Any CPU.ActiveCfg = Debug|Any CPU
		{F49BE033-1ABF-4B2A-B32E-AC3416BF016F}.Debug|Any CPU.Build.0 = Debug|Any CPU
		{F49BE033-1ABF-4B2A-B32E-AC3416BF016F}.Debug|x64.ActiveCfg = Debug|Any CPU
		{F49BE033-1ABF-4B2A-B32E-AC3416BF016F}.Debug|x64.Build.0 = Debug|Any CPU
		{F49BE033-1ABF-4B2A-B32E-AC3416BF016F}.Debug|x86.ActiveCfg = Debug|Any CPU
		{F49BE033-1ABF-4B2A-B32E-AC3416BF016F}.Debug|x86.Build.0 = Debug|Any CPU
		{F49BE033-1ABF-4B2A-B32E-AC3416BF016F}.Release|Any CPU.ActiveCfg = Release|Any CPU
		{F49BE033-1ABF-4B2A-B32E-AC3416BF016F}.Release|Any CPU.Build.0 = Release|Any CPU
		{F49BE033-1ABF-4B2A-B32E-AC3416BF016F}.Release|x64.ActiveCfg = Release|Any CPU
		{F49BE033-1ABF-4B2A-B32E-AC3416BF016F}.Release|x64.Build.0 = Release|Any CPU
		{F49BE033-1ABF-4B2A-B32E-AC3416BF016F}.Release|x86.ActiveCfg = Release|Any CPU
		{F49BE033-1ABF-4B2A-B32E-AC3416BF016F}.Release|x86.Build.0 = Release|Any CPU
		{473F5D2D-1E50-4215-A31F-9AC3BDE72A83}.Debug|Any CPU.ActiveCfg = Debug|Any CPU
		{473F5D2D-1E50-4215-A31F-9AC3BDE72A83}.Debug|Any CPU.Build.0 = Debug|Any CPU
		{473F5D2D-1E50-4215-A31F-9AC3BDE72A83}.Debug|x64.ActiveCfg = Debug|Any CPU
		{473F5D2D-1E50-4215-A31F-9AC3BDE72A83}.Debug|x64.Build.0 = Debug|Any CPU
		{473F5D2D-1E50-4215-A31F-9AC3BDE72A83}.Debug|x86.ActiveCfg = Debug|Any CPU
		{473F5D2D-1E50-4215-A31F-9AC3BDE72A83}.Debug|x86.Build.0 = Debug|Any CPU
		{473F5D2D-1E50-4215-A31F-9AC3BDE72A83}.Release|Any CPU.ActiveCfg = Release|Any CPU
		{473F5D2D-1E50-4215-A31F-9AC3BDE72A83}.Release|Any CPU.Build.0 = Release|Any CPU
		{473F5D2D-1E50-4215-A31F-9AC3BDE72A83}.Release|x64.ActiveCfg = Release|Any CPU
		{473F5D2D-1E50-4215-A31F-9AC3BDE72A83}.Release|x64.Build.0 = Release|Any CPU
		{473F5D2D-1E50-4215-A31F-9AC3BDE72A83}.Release|x86.ActiveCfg = Release|Any CPU
		{473F5D2D-1E50-4215-A31F-9AC3BDE72A83}.Release|x86.Build.0 = Release|Any CPU
	EndGlobalSection
	GlobalSection(SolutionProperties) = preSolution
		HideSolutionNode = FALSE
	EndGlobalSection
	GlobalSection(NestedProjects) = preSolution
		{F924B9FC-D806-4350-BEC8-C0D4BB9E7C6D} = {1248F5FA-C7D6-4876-8313-A15A942F84FE}
		{4AFB8C74-0293-4BD8-94B5-97C44F345D3E} = {1248F5FA-C7D6-4876-8313-A15A942F84FE}
		{9E9C9E85-02AD-42B5-BC4E-C69AF390BA46} = {1248F5FA-C7D6-4876-8313-A15A942F84FE}
		{D6AEB305-B83A-48CE-A9D3-56549D03B7AD} = {1248F5FA-C7D6-4876-8313-A15A942F84FE}
		{6B67FD74-85BE-4288-AB1A-FC9292344F5B} = {F5798C6F-98D6-4411-A5F0-F928CBA64095}
		{CECD0272-6BD4-4FD4-86E2-07F4AC203448} = {B5980212-D3CF-4A46-94EA-3B22EFAD1257}
		{8C8AE9B2-BEEE-42C9-97D5-23FFC70A014C} = {B5980212-D3CF-4A46-94EA-3B22EFAD1257}
		{7B14A3E2-E5F1-4C46-B99E-01A1A538A21F} = {B5980212-D3CF-4A46-94EA-3B22EFAD1257}
		{79D4682D-0916-4A52-B970-79DD3B05443F} = {B5980212-D3CF-4A46-94EA-3B22EFAD1257}
		{61FADD8F-E575-4344-A161-A1E99E2A170B} = {535700AD-127B-41EF-AD83-F008020F83CD}
		{78B601B3-C260-4472-82D5-38636D5DDFAB} = {535700AD-127B-41EF-AD83-F008020F83CD}
		{DCBD7905-09B8-4388-8A63-FDDED4A46FBD} = {02EA681E-C7D8-13C7-8484-4AC65E1B71E8}
		{21ED91D1-3B54-B478-7D59-97F035EACC0D} = {02EA681E-C7D8-13C7-8484-4AC65E1B71E8}
		{C214567E-6DD7-489F-BB95-6F7C4FD69ECF} = {767605A1-DA28-413C-BFBA-6F5C8809E11F}
		{1C1DDD3F-242B-4021-9992-262DA86208B9} = {767605A1-DA28-413C-BFBA-6F5C8809E11F}
		{DA9468F0-A153-4023-A6F8-ADFCEFECABD9} = {767605A1-DA28-413C-BFBA-6F5C8809E11F}
		{35DF7A10-DE5D-41CA-9940-F93FA1385534} = {B5980212-D3CF-4A46-94EA-3B22EFAD1257}
		{33CE094D-6C79-4151-87D5-8D49A9982328} = {F5798C6F-98D6-4411-A5F0-F928CBA64095}
		{B0A1DF75-4625-45D5-87B0-29F7290F63E1} = {F5798C6F-98D6-4411-A5F0-F928CBA64095}
		{7274D8C3-EC9B-4D54-B472-CBE1E44C39AC} = {301F771F-CBE6-4D34-A24A-02F7DE5463DC}
		{8DDF748E-B27D-3139-9BCE-B1276B817345} = {B5980212-D3CF-4A46-94EA-3B22EFAD1257}
		{F49BE033-1ABF-4B2A-B32E-AC3416BF016F} = {535700AD-127B-41EF-AD83-F008020F83CD}
		{473F5D2D-1E50-4215-A31F-9AC3BDE72A83} = {535700AD-127B-41EF-AD83-F008020F83CD}
	EndGlobalSection
	GlobalSection(ExtensibilityGlobals) = postSolution
		SolutionGuid = {961EEBAB-4149-4AA4-BEE7-9DAAE4C94133}
	EndGlobalSection
EndGlobal
